{
  "requires": true,
  "lockfileVersion": 1,
  "dependencies": {
    "@vue/devtools-api": {
      "version": "6.6.4",
      "resolved": "https://registry.npmjs.org/@vue/devtools-api/-/devtools-api-6.6.4.tgz",
      "integrity": "sha512-sGhTPMuXqZ1rVOk32RylztWkfXTRhuS7vgAKv0zjqk8gbsHkJ7xfFf+jbySxt7tWObEJwyKaHMikV/WGDiQm8g=="
    },
    "vue-router": {
      "version": "4.6.3",
      "resolved": "https://registry.npmjs.org/vue-router/-/vue-router-4.6.3.tgz",
      "integrity": "sha512-ARBedLm9YlbvQomnmq91Os7ck6efydTSpRP3nuOKCvgJOHNrhRoJDSKtee8kcL1Vf7nz6U+PMBL+hTvR3bTVQg==",
      "requires": {
        "@vue/devtools-api": "^6.6.4"
      }
    }
  }
}
